
Microsoft Visual Studio Solution File, Format Version 12.00
# Visual Studio Version 16
VisualStudioVersion = 16.0.31605.320
MinimumVisualStudioVersion = 10.0.40219.1
Project("{9A19103F-16F7-4668-BE54-9A1E7A4F7556}") = "OblFootballPlayer", "OblFootballPlayer.csproj", "{4F1239E7-4AFB-4D9C-ADCB-3FCFE2CAEA5E}"
EndProject
Project("{FAE04EC0-301F-11D3-BF4B-00C04F79EFBC}") = "OblFootballPlayerTests", "..\OblFootballPlayerTests\OblFootballPlayerTests.csproj", "{6E304E04-7066-4574-8F8A-15DA4D4AB0BB}"
EndProject
Global
	GlobalSection(SolutionConfigurationPlatforms) = preSolution
		Debug|Any CPU = Debug|Any CPU
		Release|Any CPU = Release|Any CPU
	EndGlobalSection
	GlobalSection(ProjectConfigurationPlatforms) = postSolution
		{4F1239E7-4AFB-4D9C-ADCB-3FCFE2CAEA5E}.Debug|Any CPU.ActiveCfg = Debug|Any CPU
		{4F1239E7-4AFB-4D9C-ADCB-3FCFE2CAEA5E}.Debug|Any CPU.Build.0 = Debug|Any CPU
		{4F1239E7-4AFB-4D9C-ADCB-3FCFE2CAEA5E}.Release|Any CPU.ActiveCfg = Release|Any CPU
		{4F1239E7-4AFB-4D9C-ADCB-3FCFE2CAEA5E}.Release|Any CPU.Build.0 = Release|Any CPU
		{6E304E04-7066-4574-8F8A-15DA4D4AB0BB}.Debug|Any CPU.ActiveCfg = Debug|Any CPU
		{6E304E04-7066-4574-8F8A-15DA4D4AB0BB}.Debug|Any CPU.Build.0 = Debug|Any CPU
		{6E304E04-7066-4574-8F8A-15DA4D4AB0BB}.Release|Any CPU.ActiveCfg = Release|Any CPU
		{6E304E04-7066-4574-8F8A-15DA4D4AB0BB}.Release|Any CPU.Build.0 = Release|Any CPU
	EndGlobalSection
	GlobalSection(SolutionProperties) = preSolution
		HideSolutionNode = FALSE
	EndGlobalSection
	GlobalSection(ExtensibilityGlobals) = postSolution
		SolutionGuid = {885BF6B8-71A4-4E67-898F-34A4B4EDA028}
	EndGlobalSection
EndGlobal
